
Microsoft Visual Studio Solution File, Format Version 12.00
# Visual Studio Version 16
VisualStudioVersion = 16.0.29613.14
MinimumVisualStudioVersion = 10.0.40219.1
Project("{FAE04EC0-301F-11D3-BF4B-00C04F79EFBC}") = "LambdaDelegates", "LambdaDelegates\LambdaDelegates.csproj", "{9161A377-7760-4F1A-8EA0-78AD5CE597CA}"
EndProject
Global
	GlobalSection(SolutionConfigurationPlatforms) = preSolution
		Debug|Any CPU = Debug|Any CPU
		Release|Any CPU = Release|Any CPU
	EndGlobalSection
	GlobalSection(ProjectConfigurationPlatforms) = postSolution
		{9161A377-7760-4F1A-8EA0-78AD5CE597CA}.Debug|Any CPU.ActiveCfg = Debug|Any CPU
		{9161A377-7760-4F1A-8EA0-78AD5CE597CA}.Debug|Any CPU.Build.0 = Debug|Any CPU
		{9161A377-7760-4F1A-8EA0-78AD5CE597CA}.Release|Any CPU.ActiveCfg = Release|Any CPU
		{9161A377-7760-4F1A-8EA0-78AD5CE597CA}.Release|Any CPU.Build.0 = Release|Any CPU
	EndGlobalSection
	GlobalSection(SolutionProperties) = preSolution
		HideSolutionNode = FALSE
	EndGlobalSection
	GlobalSection(ExtensibilityGlobals) = postSolution
		SolutionGuid = {A0D69F20-2A1A-4E02-98C2-EFF928DE06AF}
	EndGlobalSection
EndGlobal
