
Microsoft Visual Studio Solution File, Format Version 12.00
# Visual Studio Version 16
VisualStudioVersion = 16.0.29613.14
MinimumVisualStudioVersion = 10.0.40219.1
Project("{FAE04EC0-301F-11D3-BF4B-00C04F79EFBC}") = "CourseExercicioPolimorfismoFix", "CourseExercicioPolimorfismoFix\CourseExercicioPolimorfismoFix.csproj", "{DDACC51F-B100-4CB1-9E3B-FFDC3CC83709}"
EndProject
Global
	GlobalSection(SolutionConfigurationPlatforms) = preSolution
		Debug|Any CPU = Debug|Any CPU
		Release|Any CPU = Release|Any CPU
	EndGlobalSection
	GlobalSection(ProjectConfigurationPlatforms) = postSolution
		{DDACC51F-B100-4CB1-9E3B-FFDC3CC83709}.Debug|Any CPU.ActiveCfg = Debug|Any CPU
		{DDACC51F-B100-4CB1-9E3B-FFDC3CC83709}.Debug|Any CPU.Build.0 = Debug|Any CPU
		{DDACC51F-B100-4CB1-9E3B-FFDC3CC83709}.Release|Any CPU.ActiveCfg = Release|Any CPU
		{DDACC51F-B100-4CB1-9E3B-FFDC3CC83709}.Release|Any CPU.Build.0 = Release|Any CPU
	EndGlobalSection
	GlobalSection(SolutionProperties) = preSolution
		HideSolutionNode = FALSE
	EndGlobalSection
	GlobalSection(ExtensibilityGlobals) = postSolution
		SolutionGuid = {E11BAB80-E413-4F77-8A87-D72F14D13576}
	EndGlobalSection
EndGlobal
