
Microsoft Visual Studio Solution File, Format Version 12.00
# Visual Studio Version 16
VisualStudioVersion = 16.0.29613.14
MinimumVisualStudioVersion = 10.0.40219.1
Project("{FAE04EC0-301F-11D3-BF4B-00C04F79EFBC}") = "CourseInterface", "CourseInterface\CourseInterface.csproj", "{ED463A36-D8B0-4395-BA21-96082FFED838}"
EndProject
Global
	GlobalSection(SolutionConfigurationPlatforms) = preSolution
		Debug|Any CPU = Debug|Any CPU
		Release|Any CPU = Release|Any CPU
	EndGlobalSection
	GlobalSection(ProjectConfigurationPlatforms) = postSolution
		{ED463A36-D8B0-4395-BA21-96082FFED838}.Debug|Any CPU.ActiveCfg = Debug|Any CPU
		{ED463A36-D8B0-4395-BA21-96082FFED838}.Debug|Any CPU.Build.0 = Debug|Any CPU
		{ED463A36-D8B0-4395-BA21-96082FFED838}.Release|Any CPU.ActiveCfg = Release|Any CPU
		{ED463A36-D8B0-4395-BA21-96082FFED838}.Release|Any CPU.Build.0 = Release|Any CPU
	EndGlobalSection
	GlobalSection(SolutionProperties) = preSolution
		HideSolutionNode = FALSE
	EndGlobalSection
	GlobalSection(ExtensibilityGlobals) = postSolution
		SolutionGuid = {A456EFA6-3CEA-40ED-8E6F-B65646FBD63C}
	EndGlobalSection
EndGlobal
