
Microsoft Visual Studio Solution File, Format Version 12.00
# Visual Studio Version 16
VisualStudioVersion = 16.0.29613.14
MinimumVisualStudioVersion = 10.0.40219.1
Project("{FAE04EC0-301F-11D3-BF4B-00C04F79EFBC}") = "CourseMetodosAbstratos", "CourseMetodosAbstratos\CourseMetodosAbstratos.csproj", "{FD7CD4AF-D74E-4CA2-807F-9A54E539D25E}"
EndProject
Global
	GlobalSection(SolutionConfigurationPlatforms) = preSolution
		Debug|Any CPU = Debug|Any CPU
		Release|Any CPU = Release|Any CPU
	EndGlobalSection
	GlobalSection(ProjectConfigurationPlatforms) = postSolution
		{FD7CD4AF-D74E-4CA2-807F-9A54E539D25E}.Debug|Any CPU.ActiveCfg = Debug|Any CPU
		{FD7CD4AF-D74E-4CA2-807F-9A54E539D25E}.Debug|Any CPU.Build.0 = Debug|Any CPU
		{FD7CD4AF-D74E-4CA2-807F-9A54E539D25E}.Release|Any CPU.ActiveCfg = Release|Any CPU
		{FD7CD4AF-D74E-4CA2-807F-9A54E539D25E}.Release|Any CPU.Build.0 = Release|Any CPU
	EndGlobalSection
	GlobalSection(SolutionProperties) = preSolution
		HideSolutionNode = FALSE
	EndGlobalSection
	GlobalSection(ExtensibilityGlobals) = postSolution
		SolutionGuid = {98186597-CE77-43C4-B3F6-67AB14BD4C35}
	EndGlobalSection
EndGlobal
